
Microsoft Visual Studio Solution File, Format Version 12.00
# Visual Studio Version 17
VisualStudioVersion = 17.8.34316.72
MinimumVisualStudioVersion = 10.0.40219.1
Project("{FAE04EC0-301F-11D3-BF4B-00C04F79EFBC}") = "MetadataProg", "MetadataProg\MetadataProg.csproj", "{D94039EE-D274-4CB9-B40F-568A89126307}"
EndProject
Global
	GlobalSection(SolutionConfigurationPlatforms) = preSolution
		Debug|Any CPU = Debug|Any CPU
		Release|Any CPU = Release|Any CPU
	EndGlobalSection
	GlobalSection(ProjectConfigurationPlatforms) = postSolution
		{D94039EE-D274-4CB9-B40F-568A89126307}.Debug|Any CPU.ActiveCfg = Debug|Any CPU
		{D94039EE-D274-4CB9-B40F-568A89126307}.Debug|Any CPU.Build.0 = Debug|Any CPU
		{D94039EE-D274-4CB9-B40F-568A89126307}.Release|Any CPU.ActiveCfg = Release|Any CPU
		{D94039EE-D274-4CB9-B40F-568A89126307}.Release|Any CPU.Build.0 = Release|Any CPU
	EndGlobalSection
	GlobalSection(SolutionProperties) = preSolution
		HideSolutionNode = FALSE
	EndGlobalSection
	GlobalSection(ExtensibilityGlobals) = postSolution
		SolutionGuid = {3BF2E1DC-250A-4083-BA2B-E07CA88A2EEF}
	EndGlobalSection
EndGlobal
